<?xml version="1.0" encoding="utf-8"?>
<Project ToolsVersion="4.0" xmlns="http://schemas.microsoft.com/developer/msbuild/2003">
  <ItemGroup>
    <Filter Include="UI">
      <UniqueIdentifier>{6e7565d4-5fb8-4126-8cd9-a11a35f9be5c}</UniqueIdentifier>
    </Filter>
    <Filter Include="Main">
      <UniqueIdentifier>{abf90ff8-0fb0-4e2e-ac05-46e3b287a4e4}</UniqueIdentifier>
    </Filter>
    <Filter Include="Data">
      <UniqueIdentifier>{7aca70d9-436d-4418-8922-db5c4ec8cb11}</UniqueIdentifier>
    </Filter>
    <Filter Include="Core">
      <UniqueIdentifier>{c52ae59a-9040-41b9-a655-55c8b4ba35a0}</UniqueIdentifier>
    </Filter>
  </ItemGroup>
  <ItemGroup>
    <ClCompile Include="main.cpp">
      <Filter>Main</Filter>
    </ClCompile>
    <ClCompile Include="Boiler.cpp">
      <Filter>Core</Filter>
    </ClCompile>
  </ItemGroup>
  <ItemGroup>
    <ClInclude Include="Boiler.h">
      <Filter>Core</Filter>
    </ClInclude>
  </ItemGroup>
</Project>